
Microsoft Visual Studio Solution File, Format Version 12.00
# Visual Studio 15
VisualStudioVersion = 15.0.28307.168
MinimumVisualStudioVersion = 10.0.40219.1
Project("{FAE04EC0-301F-11D3-BF4B-00C04F79EFBC}") = "MovieRetriever.ASP", "NetFlask.ASP\MovieRetriever.ASP.csproj", "{2113DB0D-5D72-4472-A05D-838DC039D7C1}"
EndProject
Project("{FAE04EC0-301F-11D3-BF4B-00C04F79EFBC}") = "NetFlask.DAL", "NetFlask.DAL\NetFlask.DAL.csproj", "{A9CF2F65-1608-4D05-87F8-FF2B73FF4B47}"
EndProject
Project("{FAE04EC0-301F-11D3-BF4B-00C04F79EFBC}") = "MovieRetriever.APIRequester", "NetFlask.APIRequester\MovieRetriever.APIRequester.csproj", "{19A341B1-0648-4FD0-A737-9CE659F74FDA}"
EndProject
Project("{2150E333-8FDC-42A3-9474-1A3956D46DE8}") = "ToolBoxes", "ToolBoxes", "{9782FDE0-BA73-457F-A136-4556EAA526D2}"
EndProject
Project("{FAE04EC0-301F-11D3-BF4B-00C04F79EFBC}") = "ToolBox.Requester", "ToolBox.Requester\ToolBox.Requester.csproj", "{BAA48996-9D02-49A1-B62E-CA51BABCAB7F}"
EndProject
Global
	GlobalSection(SolutionConfigurationPlatforms) = preSolution
		Debug|Any CPU = Debug|Any CPU
		Release|Any CPU = Release|Any CPU
	EndGlobalSection
	GlobalSection(ProjectConfigurationPlatforms) = postSolution
		{2113DB0D-5D72-4472-A05D-838DC039D7C1}.Debug|Any CPU.ActiveCfg = Debug|Any CPU
		{2113DB0D-5D72-4472-A05D-838DC039D7C1}.Debug|Any CPU.Build.0 = Debug|Any CPU
		{2113DB0D-5D72-4472-A05D-838DC039D7C1}.Release|Any CPU.ActiveCfg = Release|Any CPU
		{2113DB0D-5D72-4472-A05D-838DC039D7C1}.Release|Any CPU.Build.0 = Release|Any CPU
		{A9CF2F65-1608-4D05-87F8-FF2B73FF4B47}.Debug|Any CPU.ActiveCfg = Debug|Any CPU
		{A9CF2F65-1608-4D05-87F8-FF2B73FF4B47}.Debug|Any CPU.Build.0 = Debug|Any CPU
		{A9CF2F65-1608-4D05-87F8-FF2B73FF4B47}.Release|Any CPU.ActiveCfg = Release|Any CPU
		{A9CF2F65-1608-4D05-87F8-FF2B73FF4B47}.Release|Any CPU.Build.0 = Release|Any CPU
		{19A341B1-0648-4FD0-A737-9CE659F74FDA}.Debug|Any CPU.ActiveCfg = Debug|Any CPU
		{19A341B1-0648-4FD0-A737-9CE659F74FDA}.Debug|Any CPU.Build.0 = Debug|Any CPU
		{19A341B1-0648-4FD0-A737-9CE659F74FDA}.Release|Any CPU.ActiveCfg = Release|Any CPU
		{19A341B1-0648-4FD0-A737-9CE659F74FDA}.Release|Any CPU.Build.0 = Release|Any CPU
		{BAA48996-9D02-49A1-B62E-CA51BABCAB7F}.Debug|Any CPU.ActiveCfg = Debug|Any CPU
		{BAA48996-9D02-49A1-B62E-CA51BABCAB7F}.Debug|Any CPU.Build.0 = Debug|Any CPU
		{BAA48996-9D02-49A1-B62E-CA51BABCAB7F}.Release|Any CPU.ActiveCfg = Release|Any CPU
		{BAA48996-9D02-49A1-B62E-CA51BABCAB7F}.Release|Any CPU.Build.0 = Release|Any CPU
	EndGlobalSection
	GlobalSection(SolutionProperties) = preSolution
		HideSolutionNode = FALSE
	EndGlobalSection
	GlobalSection(NestedProjects) = preSolution
		{BAA48996-9D02-49A1-B62E-CA51BABCAB7F} = {9782FDE0-BA73-457F-A136-4556EAA526D2}
	EndGlobalSection
	GlobalSection(ExtensibilityGlobals) = postSolution
		SolutionGuid = {3EDE8355-4F3B-40C4-BD8E-747F27B500CC}
	EndGlobalSection
EndGlobal
